// !$*UTF8*$!
{
	archiveVersion = 1;
	classes = {
	};
	objectVersion = 46;
	objects = {

/* Begin PBXBuildFile section */
		35C910B988F24ACBE848445C /* LLMProcessor.swift in Sources */ = {isa = PBXBuildFile; fileRef = 9EA9D10F0C945C07FE2CD82C /* LLMProcessor.swift */; };
		3EF65AB7F6E95C30B383436F /* ScribeApp.swift in Sources */ = {isa = PBXBuildFile; fileRef = E1A761F51486802E9D227F6C /* ScribeApp.swift */; };
		4FE06AC7DEA9083A069EE87A /* NoteModels.swift in Sources */ = {isa = PBXBuildFile; fileRef = 7F902614375825F293C62F9C /* NoteModels.swift */; };
		5EF597A9A293D3D58ED6D574 /* SettingsView.swift in Sources */ = {isa = PBXBuildFile; fileRef = 29909C644DA808805D4D2434 /* SettingsView.swift */; };
		83C6AB8298E99EA4A9CE5238 /* Foundation.framework in Frameworks */ = {isa = PBXBuildFile; fileRef = 9C76B754FC6874DCF1AAFC97 /* Foundation.framework */; };
		A73436173A475F3241726359 /* AudioSessionManager.swift in Sources */ = {isa = PBXBuildFile; fileRef = 34801D9C16D14FA1F0F39064 /* AudioSessionManager.swift */; };
		BB2346032C62DFB680A3A26E /* RecordingView.swift in Sources */ = {isa = PBXBuildFile; fileRef = 522C4BE6EA6FB6B1B954C2F3 /* RecordingView.swift */; };
		CEA429A57106B2E98B4898A4 /* TranscriptionEngine.swift in Sources */ = {isa = PBXBuildFile; fileRef = 7005667DEFA5343DC19BB7AC /* TranscriptionEngine.swift */; };
		D8F942C9A27831E95C8F8689 /* ggml-large-v3.bin in Resources */ = {isa = PBXBuildFile; fileRef = 6783AF81EA7E73A4F2D2A701 /* ggml-large-v3.bin */; };
		E3293B72CF4571EE666C51E0 /* HistoryView.swift in Sources */ = {isa = PBXBuildFile; fileRef = 8CAC705F4AD4D0A76C47E295 /* HistoryView.swift */; };
		F4E7D2BCEC4332CD60734096 /* deepseek-r1-distill-qwen-14b-q3_k_m.gguf in Resources */ = {isa = PBXBuildFile; fileRef = 3E4EEFF68F26FB483CD07512 /* deepseek-r1-distill-qwen-14b-q3_k_m.gguf */; };
/* End PBXBuildFile section */

/* Begin PBXFileReference section */
		29909C644DA808805D4D2434 /* SettingsView.swift */ = {isa = PBXFileReference; includeInIndex = 1; lastKnownFileType = sourcecode.swift; name = SettingsView.swift; path = "ios-app/Sources/Scribe/UI/SettingsView.swift"; sourceTree = "<group>"; };
		29CB9AD14B672FA4ABCDDF5E /* Scribe-Bridging-Header.h */ = {isa = PBXFileReference; includeInIndex = 1; lastKnownFileType = sourcecode.c.h; name = "Scribe-Bridging-Header.h"; path = "ios-app/Scribe-Bridging-Header.h"; sourceTree = "<group>"; };
		34801D9C16D14FA1F0F39064 /* AudioSessionManager.swift */ = {isa = PBXFileReference; includeInIndex = 1; lastKnownFileType = sourcecode.swift; name = AudioSessionManager.swift; path = "ios-app/Sources/Scribe/Core/Audio/AudioSessionManager.swift"; sourceTree = "<group>"; };
		3E4EEFF68F26FB483CD07512 /* deepseek-r1-distill-qwen-14b-q3_k_m.gguf */ = {isa = PBXFileReference; includeInIndex = 1; name = "deepseek-r1-distill-qwen-14b-q3_k_m.gguf"; path = "scripts/build/models/deepseek-r1-distill-qwen-14b-q3_k_m.gguf"; sourceTree = "<group>"; };
		522C4BE6EA6FB6B1B954C2F3 /* RecordingView.swift */ = {isa = PBXFileReference; includeInIndex = 1; lastKnownFileType = sourcecode.swift; name = RecordingView.swift; path = "ios-app/Sources/Scribe/UI/RecordingView.swift"; sourceTree = "<group>"; };
		6783AF81EA7E73A4F2D2A701 /* ggml-large-v3.bin */ = {isa = PBXFileReference; includeInIndex = 1; name = "ggml-large-v3.bin"; path = "scripts/build/models/ggml-large-v3.bin"; sourceTree = "<group>"; };
		7005667DEFA5343DC19BB7AC /* TranscriptionEngine.swift */ = {isa = PBXFileReference; includeInIndex = 1; lastKnownFileType = sourcecode.swift; name = TranscriptionEngine.swift; path = "ios-app/Sources/Scribe/Core/STT/TranscriptionEngine.swift"; sourceTree = "<group>"; };
		7F902614375825F293C62F9C /* NoteModels.swift */ = {isa = PBXFileReference; includeInIndex = 1; lastKnownFileType = sourcecode.swift; name = NoteModels.swift; path = "ios-app/Sources/Scribe/Models/NoteModels.swift"; sourceTree = "<group>"; };
		8CAC705F4AD4D0A76C47E295 /* HistoryView.swift */ = {isa = PBXFileReference; includeInIndex = 1; lastKnownFileType = sourcecode.swift; name = HistoryView.swift; path = "ios-app/Sources/Scribe/UI/HistoryView.swift"; sourceTree = "<group>"; };
		9C76B754FC6874DCF1AAFC97 /* Foundation.framework */ = {isa = PBXFileReference; lastKnownFileType = wrapper.framework; name = Foundation.framework; path = Platforms/iPhoneOS.platform/Developer/SDKs/iPhoneOS18.0.sdk/System/Library/Frameworks/Foundation.framework; sourceTree = DEVELOPER_DIR; };
		9EA9D10F0C945C07FE2CD82C /* LLMProcessor.swift */ = {isa = PBXFileReference; includeInIndex = 1; lastKnownFileType = sourcecode.swift; name = LLMProcessor.swift; path = "ios-app/Sources/Scribe/Core/LLM/LLMProcessor.swift"; sourceTree = "<group>"; };
		DC5F289D17535955F38502FD /* HxDictate.app */ = {isa = PBXFileReference; explicitFileType = wrapper.application; includeInIndex = 0; path = HxDictate.app; sourceTree = BUILT_PRODUCTS_DIR; };
		E1A761F51486802E9D227F6C /* ScribeApp.swift */ = {isa = PBXFileReference; includeInIndex = 1; lastKnownFileType = sourcecode.swift; name = ScribeApp.swift; path = "ios-app/Sources/ScribeApp/ScribeApp.swift"; sourceTree = "<group>"; };
/* End PBXFileReference section */

/* Begin PBXFrameworksBuildPhase section */
		09F8C2CEF4355AF25D0B2269 /* Frameworks */ = {
			isa = PBXFrameworksBuildPhase;
			buildActionMask = 2147483647;
			files = (
				83C6AB8298E99EA4A9CE5238 /* Foundation.framework in Frameworks */,
			);
			runOnlyForDeploymentPostprocessing = 0;
		};
/* End PBXFrameworksBuildPhase section */

/* Begin PBXGroup section */
		14AF68EAD87FC29166A04EE9 /* Models */ = {
			isa = PBXGroup;
			children = (
				6783AF81EA7E73A4F2D2A701 /* ggml-large-v3.bin */,
				3E4EEFF68F26FB483CD07512 /* deepseek-r1-distill-qwen-14b-q3_k_m.gguf */,
			);
			name = Models;
			sourceTree = "<group>";
		};
		302AC560CD8406C0C8CC9138 /* Frameworks */ = {
			isa = PBXGroup;
			children = (
				CC345AB81FA87D14E180F5CB /* iOS */,
			);
			name = Frameworks;
			sourceTree = "<group>";
		};
		50DC1E84479F0580755D7515 = {
			isa = PBXGroup;
			children = (
				E3D1066486AE8B98E5FFD6C4 /* Products */,
				302AC560CD8406C0C8CC9138 /* Frameworks */,
				E1A761F51486802E9D227F6C /* ScribeApp.swift */,
				29909C644DA808805D4D2434 /* SettingsView.swift */,
				522C4BE6EA6FB6B1B954C2F3 /* RecordingView.swift */,
				8CAC705F4AD4D0A76C47E295 /* HistoryView.swift */,
				9EA9D10F0C945C07FE2CD82C /* LLMProcessor.swift */,
				34801D9C16D14FA1F0F39064 /* AudioSessionManager.swift */,
				7005667DEFA5343DC19BB7AC /* TranscriptionEngine.swift */,
				7F902614375825F293C62F9C /* NoteModels.swift */,
				29CB9AD14B672FA4ABCDDF5E /* Scribe-Bridging-Header.h */,
				14AF68EAD87FC29166A04EE9 /* Models */,
			);
			sourceTree = "<group>";
		};
		CC345AB81FA87D14E180F5CB /* iOS */ = {
			isa = PBXGroup;
			children = (
				9C76B754FC6874DCF1AAFC97 /* Foundation.framework */,
			);
			name = iOS;
			sourceTree = "<group>";
		};
		E3D1066486AE8B98E5FFD6C4 /* Products */ = {
			isa = PBXGroup;
			children = (
				DC5F289D17535955F38502FD /* HxDictate.app */,
			);
			name = Products;
			sourceTree = "<group>";
		};
/* End PBXGroup section */

/* Begin PBXNativeTarget section */
		D3748C7D1B2923699EEC460D /* HxDictate */ = {
			isa = PBXNativeTarget;
			buildConfigurationList = 7F0B3A72039A8461A7396764 /* Build configuration list for PBXNativeTarget "HxDictate" */;
			buildPhases = (
				3308DC42208832A7D0BF130A /* Sources */,
				09F8C2CEF4355AF25D0B2269 /* Frameworks */,
				D72CAE1EA1AEF1851FC11049 /* Resources */,
			);
			buildRules = (
			);
			dependencies = (
			);
			name = HxDictate;
			productName = HxDictate;
			productReference = DC5F289D17535955F38502FD /* HxDictate.app */;
			productType = "com.apple.product-type.application";
		};
/* End PBXNativeTarget section */

/* Begin PBXProject section */
		B1875BC0C89E2A73DE581013 /* Project object */ = {
			isa = PBXProject;
			attributes = {
				LastSwiftUpdateCheck = 1600;
				LastUpgradeCheck = 1600;
			};
			buildConfigurationList = 4023F1031CF1C199644D2C09 /* Build configuration list for PBXProject "HxDictate" */;
			compatibilityVersion = "Xcode 3.2";
			developmentRegion = en;
			hasScannedForEncodings = 0;
			knownRegions = (
				en,
				Base,
			);
			mainGroup = 50DC1E84479F0580755D7515;
			minimizedProjectReferenceProxies = 0;
			preferredProjectObjectVersion = 77;
			productRefGroup = E3D1066486AE8B98E5FFD6C4 /* Products */;
			projectDirPath = "";
			projectRoot = "";
			targets = (
				D3748C7D1B2923699EEC460D /* HxDictate */,
			);
		};
/* End PBXProject section */

/* Begin PBXResourcesBuildPhase section */
		D72CAE1EA1AEF1851FC11049 /* Resources */ = {
			isa = PBXResourcesBuildPhase;
			buildActionMask = 2147483647;
			files = (
				D8F942C9A27831E95C8F8689 /* ggml-large-v3.bin in Resources */,
				F4E7D2BCEC4332CD60734096 /* deepseek-r1-distill-qwen-14b-q3_k_m.gguf in Resources */,
			);
			runOnlyForDeploymentPostprocessing = 0;
		};
/* End PBXResourcesBuildPhase section */

/* Begin PBXSourcesBuildPhase section */
		3308DC42208832A7D0BF130A /* Sources */ = {
			isa = PBXSourcesBuildPhase;
			buildActionMask = 2147483647;
			files = (
				3EF65AB7F6E95C30B383436F /* ScribeApp.swift in Sources */,
				5EF597A9A293D3D58ED6D574 /* SettingsView.swift in Sources */,
				BB2346032C62DFB680A3A26E /* RecordingView.swift in Sources */,
				E3293B72CF4571EE666C51E0 /* HistoryView.swift in Sources */,
				35C910B988F24ACBE848445C /* LLMProcessor.swift in Sources */,
				A73436173A475F3241726359 /* AudioSessionManager.swift in Sources */,
				CEA429A57106B2E98B4898A4 /* TranscriptionEngine.swift in Sources */,
				4FE06AC7DEA9083A069EE87A /* NoteModels.swift in Sources */,
			);
			runOnlyForDeploymentPostprocessing = 0;
		};
/* End PBXSourcesBuildPhase section */

/* Begin XCBuildConfiguration section */
		15D7BA9BB3E9048430E06A75 /* Debug */ = {
			isa = XCBuildConfiguration;
			buildSettings = {
				ALWAYS_SEARCH_USER_PATHS = NO;
				CLANG_ANALYZER_NONNULL = YES;
				CLANG_ANALYZER_NUMBER_OBJECT_CONVERSION = YES_AGGRESSIVE;
				CLANG_CXX_LANGUAGE_STANDARD = "gnu++14";
				CLANG_CXX_LIBRARY = "libc++";
				CLANG_ENABLE_MODULES = YES;
				CLANG_ENABLE_OBJC_ARC = YES;
				CLANG_ENABLE_OBJC_WEAK = YES;
				CLANG_WARN_BLOCK_CAPTURE_AUTORELEASING = YES;
				CLANG_WARN_BOOL_CONVERSION = YES;
				CLANG_WARN_COMMA = YES;
				CLANG_WARN_CONSTANT_CONVERSION = YES;
				CLANG_WARN_DEPRECATED_OBJC_IMPLEMENTATIONS = YES;
				CLANG_WARN_DIRECT_OBJC_ISA_USAGE = YES_ERROR;
				CLANG_WARN_DOCUMENTATION_COMMENTS = YES;
				CLANG_WARN_EMPTY_BODY = YES;
				CLANG_WARN_ENUM_CONVERSION = YES;
				CLANG_WARN_INFINITE_RECURSION = YES;
				CLANG_WARN_INT_CONVERSION = YES;
				CLANG_WARN_NON_LITERAL_NULL_CONVERSION = YES;
				CLANG_WARN_OBJC_IMPLICIT_RETAIN_SELF = YES;
				CLANG_WARN_OBJC_LITERAL_CONVERSION = YES;
				CLANG_WARN_OBJC_ROOT_CLASS = YES_ERROR;
				CLANG_WARN_QUOTED_INCLUDE_IN_FRAMEWORK_HEADER = YES;
				CLANG_WARN_RANGE_LOOP_ANALYSIS = YES;
				CLANG_WARN_STRICT_PROTOTYPES = YES;
				CLANG_WARN_SUSPICIOUS_MOVE = YES;
				CLANG_WARN_UNGUARDED_AVAILABILITY = YES_AGGRESSIVE;
				CLANG_WARN_UNREACHABLE_CODE = YES;
				CLANG_WARN__DUPLICATE_METHOD_MATCH = YES;
				COPY_PHASE_STRIP = NO;
				DEBUG_INFORMATION_FORMAT = dwarf;
				ENABLE_STRICT_OBJC_MSGSEND = YES;
				ENABLE_TESTABILITY = YES;
				GCC_C_LANGUAGE_STANDARD = gnu11;
				GCC_DYNAMIC_NO_PIC = NO;
				GCC_NO_COMMON_BLOCKS = YES;
				GCC_OPTIMIZATION_LEVEL = 0;
				GCC_PREPROCESSOR_DEFINITIONS = (
					"DEBUG=1",
					"$(inherited)",
				);
				GCC_WARN_64_TO_32_BIT_CONVERSION = YES;
				GCC_WARN_ABOUT_RETURN_TYPE = YES_ERROR;
				GCC_WARN_UNDECLARED_SELECTOR = YES;
				GCC_WARN_UNINITIALIZED_AUTOS = YES_AGGRESSIVE;
				GCC_WARN_UNUSED_FUNCTION = YES;
				GCC_WARN_UNUSED_VARIABLE = YES;
				MTL_ENABLE_DEBUG_INFO = INCLUDE_SOURCE;
				MTL_FAST_MATH = YES;
				ONLY_ACTIVE_ARCH = YES;
				PRODUCT_NAME = "$(TARGET_NAME)";
				SWIFT_ACTIVE_COMPILATION_CONDITIONS = DEBUG;
				SWIFT_OPTIMIZATION_LEVEL = "-Onone";
				SWIFT_VERSION = 5.0;
			};
			name = Debug;
		};
		CF3E4115F3C164BE39EB4017 /* Release */ = {
			isa = XCBuildConfiguration;
			buildSettings = {
				ASSETCATALOG_COMPILER_APPICON_NAME = AppIcon;
				ASSETCATALOG_COMPILER_GLOBAL_ACCENT_COLOR_NAME = AccentColor;
				CLANG_ENABLE_OBJC_WEAK = NO;
				ENABLE_BITCODE = NO;
				HEADER_SEARCH_PATHS = (
					"$(inherited)",
					"$(SRCROOT)/scripts/build/whisper.cpp/include",
					"$(SRCROOT)/scripts/build/llama.cpp/include",
					"$(SRCROOT)/scripts/build/whisper.cpp/ggml/include",
					"$(SRCROOT)/scripts/build/llama.cpp/ggml/include",
				);
				IPHONEOS_DEPLOYMENT_TARGET = 17.0;
				LD_RUNPATH_SEARCH_PATHS = "$(inherited) @executable_path/Frameworks";
				LIBRARY_SEARCH_PATHS = (
					"$(inherited)",
					"$(SRCROOT)/scripts/build/whisper.cpp/build-ios/src",
					"$(SRCROOT)/scripts/build/llama.cpp/build-ios/src",
				);
				OTHER_LDFLAGS = (
					"-lwhisper",
					"-lllama",
					"-lggml",
					"-framework",
					Accelerate,
					"-framework",
					Metal,
					"-framework",
					MetalKit,
				);
				PRODUCT_BUNDLE_IDENTIFIER = com.danny.hxdictate;
				SDKROOT = iphoneos;
				SWIFT_OBJC_BRIDGING_HEADER = "$(SRCROOT)/Scribe-Bridging-Header.h";
				SWIFT_VERSION = 5.9;
				TARGETED_DEVICE_FAMILY = 1;
				VALIDATE_PRODUCT = YES;
			};
			name = Release;
		};
		D766D7F95DEDD445E15565B1 /* Release */ = {
			isa = XCBuildConfiguration;
			buildSettings = {
				ALWAYS_SEARCH_USER_PATHS = NO;
				CLANG_ANALYZER_NONNULL = YES;
				CLANG_ANALYZER_NUMBER_OBJECT_CONVERSION = YES_AGGRESSIVE;
				CLANG_CXX_LANGUAGE_STANDARD = "gnu++14";
				CLANG_CXX_LIBRARY = "libc++";
				CLANG_ENABLE_MODULES = YES;
				CLANG_ENABLE_OBJC_ARC = YES;
				CLANG_ENABLE_OBJC_WEAK = YES;
				CLANG_WARN_BLOCK_CAPTURE_AUTORELEASING = YES;
				CLANG_WARN_BOOL_CONVERSION = YES;
				CLANG_WARN_COMMA = YES;
				CLANG_WARN_CONSTANT_CONVERSION = YES;
				CLANG_WARN_DEPRECATED_OBJC_IMPLEMENTATIONS = YES;
				CLANG_WARN_DIRECT_OBJC_ISA_USAGE = YES_ERROR;
				CLANG_WARN_DOCUMENTATION_COMMENTS = YES;
				CLANG_WARN_EMPTY_BODY = YES;
				CLANG_WARN_ENUM_CONVERSION = YES;
				CLANG_WARN_INFINITE_RECURSION = YES;
				CLANG_WARN_INT_CONVERSION = YES;
				CLANG_WARN_NON_LITERAL_NULL_CONVERSION = YES;
				CLANG_WARN_OBJC_IMPLICIT_RETAIN_SELF = YES;
				CLANG_WARN_OBJC_LITERAL_CONVERSION = YES;
				CLANG_WARN_OBJC_ROOT_CLASS = YES_ERROR;
				CLANG_WARN_QUOTED_INCLUDE_IN_FRAMEWORK_HEADER = YES;
				CLANG_WARN_RANGE_LOOP_ANALYSIS = YES;
				CLANG_WARN_STRICT_PROTOTYPES = YES;
				CLANG_WARN_SUSPICIOUS_MOVE = YES;
				CLANG_WARN_UNGUARDED_AVAILABILITY = YES_AGGRESSIVE;
				CLANG_WARN_UNREACHABLE_CODE = YES;
				CLANG_WARN__DUPLICATE_METHOD_MATCH = YES;
				COPY_PHASE_STRIP = NO;
				DEBUG_INFORMATION_FORMAT = "dwarf-with-dsym";
				ENABLE_NS_ASSERTIONS = NO;
				ENABLE_STRICT_OBJC_MSGSEND = YES;
				GCC_C_LANGUAGE_STANDARD = gnu11;
				GCC_NO_COMMON_BLOCKS = YES;
				GCC_WARN_64_TO_32_BIT_CONVERSION = YES;
				GCC_WARN_ABOUT_RETURN_TYPE = YES_ERROR;
				GCC_WARN_UNDECLARED_SELECTOR = YES;
				GCC_WARN_UNINITIALIZED_AUTOS = YES_AGGRESSIVE;
				GCC_WARN_UNUSED_FUNCTION = YES;
				GCC_WARN_UNUSED_VARIABLE = YES;
				MTL_ENABLE_DEBUG_INFO = NO;
				MTL_FAST_MATH = YES;
				PRODUCT_NAME = "$(TARGET_NAME)";
				SWIFT_COMPILATION_MODE = wholemodule;
				SWIFT_OPTIMIZATION_LEVEL = "-O";
				SWIFT_VERSION = 5.0;
			};
			name = Release;
		};
		EED95AC7AF2EEE185448C21F /* Debug */ = {
			isa = XCBuildConfiguration;
			buildSettings = {
				ASSETCATALOG_COMPILER_APPICON_NAME = AppIcon;
				ASSETCATALOG_COMPILER_GLOBAL_ACCENT_COLOR_NAME = AccentColor;
				CLANG_ENABLE_OBJC_WEAK = NO;
				ENABLE_BITCODE = NO;
				HEADER_SEARCH_PATHS = (
					"$(inherited)",
					"$(SRCROOT)/scripts/build/whisper.cpp/include",
					"$(SRCROOT)/scripts/build/llama.cpp/include",
					"$(SRCROOT)/scripts/build/whisper.cpp/ggml/include",
					"$(SRCROOT)/scripts/build/llama.cpp/ggml/include",
				);
				IPHONEOS_DEPLOYMENT_TARGET = 17.0;
				LD_RUNPATH_SEARCH_PATHS = "$(inherited) @executable_path/Frameworks";
				LIBRARY_SEARCH_PATHS = (
					"$(inherited)",
					"$(SRCROOT)/scripts/build/whisper.cpp/build-ios/src",
					"$(SRCROOT)/scripts/build/llama.cpp/build-ios/src",
				);
				OTHER_LDFLAGS = (
					"-lwhisper",
					"-lllama",
					"-lggml",
					"-framework",
					Accelerate,
					"-framework",
					Metal,
					"-framework",
					MetalKit,
				);
				PRODUCT_BUNDLE_IDENTIFIER = com.danny.hxdictate;
				SDKROOT = iphoneos;
				SWIFT_OBJC_BRIDGING_HEADER = "$(SRCROOT)/Scribe-Bridging-Header.h";
				SWIFT_VERSION = 5.9;
				TARGETED_DEVICE_FAMILY = 1;
			};
			name = Debug;
		};
/* End XCBuildConfiguration section */

/* Begin XCConfigurationList section */
		4023F1031CF1C199644D2C09 /* Build configuration list for PBXProject "HxDictate" */ = {
			isa = XCConfigurationList;
			buildConfigurations = (
				15D7BA9BB3E9048430E06A75 /* Debug */,
				D766D7F95DEDD445E15565B1 /* Release */,
			);
			defaultConfigurationIsVisible = 0;
			defaultConfigurationName = Release;
		};
		7F0B3A72039A8461A7396764 /* Build configuration list for PBXNativeTarget "HxDictate" */ = {
			isa = XCConfigurationList;
			buildConfigurations = (
				CF3E4115F3C164BE39EB4017 /* Release */,
				EED95AC7AF2EEE185448C21F /* Debug */,
			);
			defaultConfigurationIsVisible = 0;
			defaultConfigurationName = Release;
		};
/* End XCConfigurationList section */
	};
	rootObject = B1875BC0C89E2A73DE581013 /* Project object */;
}
